
Microsoft Visual Studio Solution File, Format Version 12.00
# Visual Studio for Mac
Project("{FAE04EC0-301F-11D3-BF4B-00C04F79EFBC}") = "lhFramework_editor", "lhFramework_editor.csproj", "{652F4004-9F15-FBBB-02FB-342C1E1143D5}"
EndProject
Project("{FAE04EC0-301F-11D3-BF4B-00C04F79EFBC}") = "lhFramework_editor.Editor", "lhFramework_editor.Editor.csproj", "{9B28A54E-EAA5-367F-D649-1DA5FAC678C2}"
EndProject
Global
	GlobalSection(SolutionConfigurationPlatforms) = preSolution
		Debug|Any CPU = Debug|Any CPU
		Release|Any CPU = Release|Any CPU
	EndGlobalSection
	GlobalSection(ProjectConfigurationPlatforms) = postSolution
		{652F4004-9F15-FBBB-02FB-342C1E1143D5}.Debug|Any CPU.ActiveCfg = Debug|Any CPU
		{652F4004-9F15-FBBB-02FB-342C1E1143D5}.Debug|Any CPU.Build.0 = Debug|Any CPU
		{652F4004-9F15-FBBB-02FB-342C1E1143D5}.Release|Any CPU.ActiveCfg = Release|Any CPU
		{652F4004-9F15-FBBB-02FB-342C1E1143D5}.Release|Any CPU.Build.0 = Release|Any CPU
		{9B28A54E-EAA5-367F-D649-1DA5FAC678C2}.Debug|Any CPU.ActiveCfg = Debug|Any CPU
		{9B28A54E-EAA5-367F-D649-1DA5FAC678C2}.Debug|Any CPU.Build.0 = Debug|Any CPU
		{9B28A54E-EAA5-367F-D649-1DA5FAC678C2}.Release|Any CPU.ActiveCfg = Release|Any CPU
		{9B28A54E-EAA5-367F-D649-1DA5FAC678C2}.Release|Any CPU.Build.0 = Release|Any CPU
	EndGlobalSection
	GlobalSection(SolutionProperties) = preSolution
		HideSolutionNode = FALSE
	EndGlobalSection
EndGlobal
