
Microsoft Visual Studio Solution File, Format Version 12.00
# Visual Studio for Mac
Project("{FAE04EC0-301F-11D3-BF4B-00C04F79EFBC}") = "Standard", "Standard.csproj", "{42084BCD-8A71-5EAB-6A73-2DC50931B917}"
EndProject
Project("{FAE04EC0-301F-11D3-BF4B-00C04F79EFBC}") = "Standard.Editor", "Standard.Editor.csproj", "{43C7879C-8AAE-A6AD-F191-60A43C060699}"
EndProject
Global
	GlobalSection(SolutionConfigurationPlatforms) = preSolution
		Debug|Any CPU = Debug|Any CPU
		Release|Any CPU = Release|Any CPU
	EndGlobalSection
	GlobalSection(ProjectConfigurationPlatforms) = postSolution
		{42084BCD-8A71-5EAB-6A73-2DC50931B917}.Debug|Any CPU.ActiveCfg = Debug|Any CPU
		{42084BCD-8A71-5EAB-6A73-2DC50931B917}.Debug|Any CPU.Build.0 = Debug|Any CPU
		{42084BCD-8A71-5EAB-6A73-2DC50931B917}.Release|Any CPU.ActiveCfg = Release|Any CPU
		{42084BCD-8A71-5EAB-6A73-2DC50931B917}.Release|Any CPU.Build.0 = Release|Any CPU
		{43C7879C-8AAE-A6AD-F191-60A43C060699}.Debug|Any CPU.ActiveCfg = Debug|Any CPU
		{43C7879C-8AAE-A6AD-F191-60A43C060699}.Debug|Any CPU.Build.0 = Debug|Any CPU
		{43C7879C-8AAE-A6AD-F191-60A43C060699}.Release|Any CPU.ActiveCfg = Release|Any CPU
		{43C7879C-8AAE-A6AD-F191-60A43C060699}.Release|Any CPU.Build.0 = Release|Any CPU
	EndGlobalSection
	GlobalSection(SolutionProperties) = preSolution
		HideSolutionNode = FALSE
	EndGlobalSection
EndGlobal
