
Microsoft Visual Studio Solution File, Format Version 12.00
# Visual Studio for Mac
Project("{FAE04EC0-301F-11D3-BF4B-00C04F79EFBC}") = "lhFramwork_runtime.Editor", "lhFramwork_runtime.Editor.csproj", "{743975FC-A684-A036-23F6-DABF11D9E9C8}"
EndProject
Global
	GlobalSection(SolutionConfigurationPlatforms) = preSolution
		Debug|Any CPU = Debug|Any CPU
		Release|Any CPU = Release|Any CPU
	EndGlobalSection
	GlobalSection(ProjectConfigurationPlatforms) = postSolution
		{743975FC-A684-A036-23F6-DABF11D9E9C8}.Debug|Any CPU.ActiveCfg = Debug|Any CPU
		{743975FC-A684-A036-23F6-DABF11D9E9C8}.Debug|Any CPU.Build.0 = Debug|Any CPU
		{743975FC-A684-A036-23F6-DABF11D9E9C8}.Release|Any CPU.ActiveCfg = Release|Any CPU
		{743975FC-A684-A036-23F6-DABF11D9E9C8}.Release|Any CPU.Build.0 = Release|Any CPU
	EndGlobalSection
	GlobalSection(SolutionProperties) = preSolution
		HideSolutionNode = FALSE
	EndGlobalSection
EndGlobal
